// !$*UTF8*$!
{
	archiveVersion = 1;
	classes = {
	};
	objectVersion = 55;
	objects = {

/* Begin PBXBuildFile section */
		CA44AAE729098FA200D86360 /* AppDelegate.swift in Sources */ = {isa = PBXBuildFile; fileRef = CA44AAE629098FA200D86360 /* AppDelegate.swift */; };
		CA44AAE929098FA200D86360 /* SceneDelegate.swift in Sources */ = {isa = PBXBuildFile; fileRef = CA44AAE829098FA200D86360 /* SceneDelegate.swift */; };
		CA44AAEB29098FA200D86360 /* ViewController.swift in Sources */ = {isa = PBXBuildFile; fileRef = CA44AAEA29098FA200D86360 /* ViewController.swift */; };
		CA44AAEE29098FA200D86360 /* Main.storyboard in Resources */ = {isa = PBXBuildFile; fileRef = CA44AAEC29098FA200D86360 /* Main.storyboard */; };
		CA44AAF029098FA200D86360 /* Assets.xcassets in Resources */ = {isa = PBXBuildFile; fileRef = CA44AAEF29098FA200D86360 /* Assets.xcassets */; };
		CA44AAF329098FA200D86360 /* LaunchScreen.storyboard in Resources */ = {isa = PBXBuildFile; fileRef = CA44AAF129098FA200D86360 /* LaunchScreen.storyboard */; };
		CA56BE1B290EC6F4000E335B /* onryou.TTF in Resources */ = {isa = PBXBuildFile; fileRef = CA56BE1A290EC6F4000E335B /* onryou.TTF */; };
		CA6126BA290AD67700ADAEF7 /* ResultViewController.swift in Sources */ = {isa = PBXBuildFile; fileRef = CA6126B9290AD67700ADAEF7 /* ResultViewController.swift */; };
		CA6126BC290BE72400ADAEF7 /* RecordViewController.swift in Sources */ = {isa = PBXBuildFile; fileRef = CA6126BB290BE72400ADAEF7 /* RecordViewController.swift */; };
/* End PBXBuildFile section */

/* Begin PBXFileReference section */
		CA44AAE329098FA200D86360 /* SwimeeHalloweenDebug.app */ = {isa = PBXFileReference; explicitFileType = wrapper.application; includeInIndex = 0; path = SwimeeHalloweenDebug.app; sourceTree = BUILT_PRODUCTS_DIR; };
		CA44AAE629098FA200D86360 /* AppDelegate.swift */ = {isa = PBXFileReference; lastKnownFileType = sourcecode.swift; path = AppDelegate.swift; sourceTree = "<group>"; };
		CA44AAE829098FA200D86360 /* SceneDelegate.swift */ = {isa = PBXFileReference; lastKnownFileType = sourcecode.swift; path = SceneDelegate.swift; sourceTree = "<group>"; };
		CA44AAEA29098FA200D86360 /* ViewController.swift */ = {isa = PBXFileReference; lastKnownFileType = sourcecode.swift; path = ViewController.swift; sourceTree = "<group>"; };
		CA44AAED29098FA200D86360 /* Base */ = {isa = PBXFileReference; lastKnownFileType = file.storyboard; name = Base; path = Base.lproj/Main.storyboard; sourceTree = "<group>"; };
		CA44AAEF29098FA200D86360 /* Assets.xcassets */ = {isa = PBXFileReference; lastKnownFileType = folder.assetcatalog; path = Assets.xcassets; sourceTree = "<group>"; };
		CA44AAF229098FA200D86360 /* Base */ = {isa = PBXFileReference; lastKnownFileType = file.storyboard; name = Base; path = Base.lproj/LaunchScreen.storyboard; sourceTree = "<group>"; };
		CA44AAF429098FA200D86360 /* Info.plist */ = {isa = PBXFileReference; lastKnownFileType = text.plist.xml; path = Info.plist; sourceTree = "<group>"; };
		CA56BE1A290EC6F4000E335B /* onryou.TTF */ = {isa = PBXFileReference; lastKnownFileType = file; path = onryou.TTF; sourceTree = "<group>"; };
		CA6126B9290AD67700ADAEF7 /* ResultViewController.swift */ = {isa = PBXFileReference; lastKnownFileType = sourcecode.swift; path = ResultViewController.swift; sourceTree = "<group>"; };
		CA6126BB290BE72400ADAEF7 /* RecordViewController.swift */ = {isa = PBXFileReference; lastKnownFileType = sourcecode.swift; path = RecordViewController.swift; sourceTree = "<group>"; };
/* End PBXFileReference section */

/* Begin PBXFrameworksBuildPhase section */
		CA44AAE029098FA200D86360 /* Frameworks */ = {
			isa = PBXFrameworksBuildPhase;
			buildActionMask = 2147483647;
			files = (
			);
			runOnlyForDeploymentPostprocessing = 0;
		};
/* End PBXFrameworksBuildPhase section */

/* Begin PBXGroup section */
		CA44AADA29098FA200D86360 = {
			isa = PBXGroup;
			children = (
				CA44AAE529098FA200D86360 /* SwimeeHalloweenDebug */,
				CA44AAE429098FA200D86360 /* Products */,
			);
			sourceTree = "<group>";
		};
		CA44AAE429098FA200D86360 /* Products */ = {
			isa = PBXGroup;
			children = (
				CA44AAE329098FA200D86360 /* SwimeeHalloweenDebug.app */,
			);
			name = Products;
			sourceTree = "<group>";
		};
		CA44AAE529098FA200D86360 /* SwimeeHalloweenDebug */ = {
			isa = PBXGroup;
			children = (
				CA44AAE629098FA200D86360 /* AppDelegate.swift */,
				CA44AAE829098FA200D86360 /* SceneDelegate.swift */,
				CA44AAEA29098FA200D86360 /* ViewController.swift */,
				CA6126B9290AD67700ADAEF7 /* ResultViewController.swift */,
				CA6126BB290BE72400ADAEF7 /* RecordViewController.swift */,
				CA44AAEC29098FA200D86360 /* Main.storyboard */,
				CA44AAEF29098FA200D86360 /* Assets.xcassets */,
				CA44AAF129098FA200D86360 /* LaunchScreen.storyboard */,
				CA56BE1C290ECB71000E335B /* Fonts */,
				CA44AAF429098FA200D86360 /* Info.plist */,
			);
			path = SwimeeHalloweenDebug;
			sourceTree = "<group>";
		};
		CA56BE1C290ECB71000E335B /* Fonts */ = {
			isa = PBXGroup;
			children = (
				CA56BE1A290EC6F4000E335B /* onryou.TTF */,
			);
			path = Fonts;
			sourceTree = "<group>";
		};
/* End PBXGroup section */

/* Begin PBXNativeTarget section */
		CA44AAE229098FA200D86360 /* SwimeeHalloweenDebug */ = {
			isa = PBXNativeTarget;
			buildConfigurationList = CA44AAF729098FA200D86360 /* Build configuration list for PBXNativeTarget "SwimeeHalloweenDebug" */;
			buildPhases = (
				CA44AADF29098FA200D86360 /* Sources */,
				CA44AAE029098FA200D86360 /* Frameworks */,
				CA44AAE129098FA200D86360 /* Resources */,
			);
			buildRules = (
			);
			dependencies = (
			);
			name = SwimeeHalloweenDebug;
			productName = SwimeeHalloweenDebug;
			productReference = CA44AAE329098FA200D86360 /* SwimeeHalloweenDebug.app */;
			productType = "com.apple.product-type.application";
		};
/* End PBXNativeTarget section */

/* Begin PBXProject section */
		CA44AADB29098FA200D86360 /* Project object */ = {
			isa = PBXProject;
			attributes = {
				BuildIndependentTargetsInParallel = 1;
				LastSwiftUpdateCheck = 1400;
				LastUpgradeCheck = 1400;
				TargetAttributes = {
					CA44AAE229098FA200D86360 = {
						CreatedOnToolsVersion = 14.0;
					};
				};
			};
			buildConfigurationList = CA44AADE29098FA200D86360 /* Build configuration list for PBXProject "SwimeeHalloweenDebug" */;
			compatibilityVersion = "Xcode 13.0";
			developmentRegion = en;
			hasScannedForEncodings = 0;
			knownRegions = (
				en,
				Base,
			);
			mainGroup = CA44AADA29098FA200D86360;
			productRefGroup = CA44AAE429098FA200D86360 /* Products */;
			projectDirPath = "";
			projectRoot = "";
			targets = (
				CA44AAE229098FA200D86360 /* SwimeeHalloweenDebug */,
			);
		};
/* End PBXProject section */

/* Begin PBXResourcesBuildPhase section */
		CA44AAE129098FA200D86360 /* Resources */ = {
			isa = PBXResourcesBuildPhase;
			buildActionMask = 2147483647;
			files = (
				CA44AAF329098FA200D86360 /* LaunchScreen.storyboard in Resources */,
				CA44AAF029098FA200D86360 /* Assets.xcassets in Resources */,
				CA56BE1B290EC6F4000E335B /* onryou.TTF in Resources */,
				CA44AAEE29098FA200D86360 /* Main.storyboard in Resources */,
			);
			runOnlyForDeploymentPostprocessing = 0;
		};
/* End PBXResourcesBuildPhase section */

/* Begin PBXSourcesBuildPhase section */
		CA44AADF29098FA200D86360 /* Sources */ = {
			isa = PBXSourcesBuildPhase;
			buildActionMask = 2147483647;
			files = (
				CA44AAEB29098FA200D86360 /* ViewController.swift in Sources */,
				CA44AAE729098FA200D86360 /* AppDelegate.swift in Sources */,
				CA6126BC290BE72400ADAEF7 /* RecordViewController.swift in Sources */,
				CA44AAE929098FA200D86360 /* SceneDelegate.swift in Sources */,
				CA6126BA290AD67700ADAEF7 /* ResultViewController.swift in Sources */,
			);
			runOnlyForDeploymentPostprocessing = 0;
		};
/* End PBXSourcesBuildPhase section */

/* Begin PBXVariantGroup section */
		CA44AAEC29098FA200D86360 /* Main.storyboard */ = {
			isa = PBXVariantGroup;
			children = (
				CA44AAED29098FA200D86360 /* Base */,
			);
			name = Main.storyboard;
			sourceTree = "<group>";
		};
		CA44AAF129098FA200D86360 /* LaunchScreen.storyboard */ = {
			isa = PBXVariantGroup;
			children = (
				CA44AAF229098FA200D86360 /* Base */,
			);
			name = LaunchScreen.storyboard;
			sourceTree = "<group>";
		};
/* End PBXVariantGroup section */

/* Begin XCBuildConfiguration section */
		CA44AAF529098FA200D86360 /* Debug */ = {
			isa = XCBuildConfiguration;
			buildSettings = {
				ALWAYS_SEARCH_USER_PATHS = NO;
				CLANG_ANALYZER_NONNULL = YES;
				CLANG_ANALYZER_NUMBER_OBJECT_CONVERSION = YES_AGGRESSIVE;
				CLANG_CXX_LANGUAGE_STANDARD = "gnu++20";
				CLANG_ENABLE_MODULES = YES;
				CLANG_ENABLE_OBJC_ARC = YES;
				CLANG_ENABLE_OBJC_WEAK = YES;
				CLANG_WARN_BLOCK_CAPTURE_AUTORELEASING = YES;
				CLANG_WARN_BOOL_CONVERSION = YES;
				CLANG_WARN_COMMA = YES;
				CLANG_WARN_CONSTANT_CONVERSION = YES;
				CLANG_WARN_DEPRECATED_OBJC_IMPLEMENTATIONS = YES;
				CLANG_WARN_DIRECT_OBJC_ISA_USAGE = YES_ERROR;
				CLANG_WARN_DOCUMENTATION_COMMENTS = YES;
				CLANG_WARN_EMPTY_BODY = YES;
				CLANG_WARN_ENUM_CONVERSION = YES;
				CLANG_WARN_INFINITE_RECURSION = YES;
				CLANG_WARN_INT_CONVERSION = YES;
				CLANG_WARN_NON_LITERAL_NULL_CONVERSION = YES;
				CLANG_WARN_OBJC_IMPLICIT_RETAIN_SELF = YES;
				CLANG_WARN_OBJC_LITERAL_CONVERSION = YES;
				CLANG_WARN_OBJC_ROOT_CLASS = YES_ERROR;
				CLANG_WARN_QUOTED_INCLUDE_IN_FRAMEWORK_HEADER = YES;
				CLANG_WARN_RANGE_LOOP_ANALYSIS = YES;
				CLANG_WARN_STRICT_PROTOTYPES = YES;
				CLANG_WARN_SUSPICIOUS_MOVE = YES;
				CLANG_WARN_UNGUARDED_AVAILABILITY = YES_AGGRESSIVE;
				CLANG_WARN_UNREACHABLE_CODE = YES;
				CLANG_WARN__DUPLICATE_METHOD_MATCH = YES;
				COPY_PHASE_STRIP = NO;
				DEBUG_INFORMATION_FORMAT = dwarf;
				ENABLE_STRICT_OBJC_MSGSEND = YES;
				ENABLE_TESTABILITY = YES;
				GCC_C_LANGUAGE_STANDARD = gnu11;
				GCC_DYNAMIC_NO_PIC = NO;
				GCC_NO_COMMON_BLOCKS = YES;
				GCC_OPTIMIZATION_LEVEL = 0;
				GCC_PREPROCESSOR_DEFINITIONS = (
					"DEBUG=1",
					"$(inherited)",
				);
				GCC_WARN_64_TO_32_BIT_CONVERSION = YES;
				GCC_WARN_ABOUT_RETURN_TYPE = YES_ERROR;
				GCC_WARN_UNDECLARED_SELECTOR = YES;
				GCC_WARN_UNINITIALIZED_AUTOS = YES_AGGRESSIVE;
				GCC_WARN_UNUSED_FUNCTION = YES;
				GCC_WARN_UNUSED_VARIABLE = YES;
				IPHONEOS_DEPLOYMENT_TARGET = 16.0;
				MTL_ENABLE_DEBUG_INFO = INCLUDE_SOURCE;
				MTL_FAST_MATH = YES;
				ONLY_ACTIVE_ARCH = YES;
				SDKROOT = iphoneos;
				SWIFT_ACTIVE_COMPILATION_CONDITIONS = DEBUG;
				SWIFT_OPTIMIZATION_LEVEL = "-Onone";
			};
			name = Debug;
		};
		CA44AAF629098FA200D86360 /* Release */ = {
			isa = XCBuildConfiguration;
			buildSettings = {
				ALWAYS_SEARCH_USER_PATHS = NO;
				CLANG_ANALYZER_NONNULL = YES;
				CLANG_ANALYZER_NUMBER_OBJECT_CONVERSION = YES_AGGRESSIVE;
				CLANG_CXX_LANGUAGE_STANDARD = "gnu++20";
				CLANG_ENABLE_MODULES = YES;
				CLANG_ENABLE_OBJC_ARC = YES;
				CLANG_ENABLE_OBJC_WEAK = YES;
				CLANG_WARN_BLOCK_CAPTURE_AUTORELEASING = YES;
				CLANG_WARN_BOOL_CONVERSION = YES;
				CLANG_WARN_COMMA = YES;
				CLANG_WARN_CONSTANT_CONVERSION = YES;
				CLANG_WARN_DEPRECATED_OBJC_IMPLEMENTATIONS = YES;
				CLANG_WARN_DIRECT_OBJC_ISA_USAGE = YES_ERROR;
				CLANG_WARN_DOCUMENTATION_COMMENTS = YES;
				CLANG_WARN_EMPTY_BODY = YES;
				CLANG_WARN_ENUM_CONVERSION = YES;
				CLANG_WARN_INFINITE_RECURSION = YES;
				CLANG_WARN_INT_CONVERSION = YES;
				CLANG_WARN_NON_LITERAL_NULL_CONVERSION = YES;
				CLANG_WARN_OBJC_IMPLICIT_RETAIN_SELF = YES;
				CLANG_WARN_OBJC_LITERAL_CONVERSION = YES;
				CLANG_WARN_OBJC_ROOT_CLASS = YES_ERROR;
				CLANG_WARN_QUOTED_INCLUDE_IN_FRAMEWORK_HEADER = YES;
				CLANG_WARN_RANGE_LOOP_ANALYSIS = YES;
				CLANG_WARN_STRICT_PROTOTYPES = YES;
				CLANG_WARN_SUSPICIOUS_MOVE = YES;
				CLANG_WARN_UNGUARDED_AVAILABILITY = YES_AGGRESSIVE;
				CLANG_WARN_UNREACHABLE_CODE = YES;
				CLANG_WARN__DUPLICATE_METHOD_MATCH = YES;
				COPY_PHASE_STRIP = NO;
				DEBUG_INFORMATION_FORMAT = "dwarf-with-dsym";
				ENABLE_NS_ASSERTIONS = NO;
				ENABLE_STRICT_OBJC_MSGSEND = YES;
				GCC_C_LANGUAGE_STANDARD = gnu11;
				GCC_NO_COMMON_BLOCKS = YES;
				GCC_WARN_64_TO_32_BIT_CONVERSION = YES;
				GCC_WARN_ABOUT_RETURN_TYPE = YES_ERROR;
				GCC_WARN_UNDECLARED_SELECTOR = YES;
				GCC_WARN_UNINITIALIZED_AUTOS = YES_AGGRESSIVE;
				GCC_WARN_UNUSED_FUNCTION = YES;
				GCC_WARN_UNUSED_VARIABLE = YES;
				IPHONEOS_DEPLOYMENT_TARGET = 16.0;
				MTL_ENABLE_DEBUG_INFO = NO;
				MTL_FAST_MATH = YES;
				SDKROOT = iphoneos;
				SWIFT_COMPILATION_MODE = wholemodule;
				SWIFT_OPTIMIZATION_LEVEL = "-O";
				VALIDATE_PRODUCT = YES;
			};
			name = Release;
		};
		CA44AAF829098FA200D86360 /* Debug */ = {
			isa = XCBuildConfiguration;
			buildSettings = {
				ASSETCATALOG_COMPILER_APPICON_NAME = AppIcon;
				ASSETCATALOG_COMPILER_GLOBAL_ACCENT_COLOR_NAME = AccentColor;
				CODE_SIGN_STYLE = Automatic;
				CURRENT_PROJECT_VERSION = 1;
				DEVELOPMENT_TEAM = BV8VP6YGE9;
				GENERATE_INFOPLIST_FILE = YES;
				INFOPLIST_FILE = SwimeeHalloweenDebug/Info.plist;
				INFOPLIST_KEY_UIApplicationSupportsIndirectInputEvents = YES;
				INFOPLIST_KEY_UILaunchStoryboardName = LaunchScreen;
				INFOPLIST_KEY_UIMainStoryboardFile = Main;
				INFOPLIST_KEY_UISupportedInterfaceOrientations = UIInterfaceOrientationPortrait;
				INFOPLIST_KEY_UISupportedInterfaceOrientations_iPad = "UIInterfaceOrientationLandscapeLeft UIInterfaceOrientationLandscapeRight UIInterfaceOrientationPortrait UIInterfaceOrientationPortraitUpsideDown";
				LD_RUNPATH_SEARCH_PATHS = (
					"$(inherited)",
					"@executable_path/Frameworks",
				);
				MARKETING_VERSION = 1.0;
				PRODUCT_BUNDLE_IDENTIFIER = jp.choccho.SwimeeHalloweenDebug;
				PRODUCT_NAME = "$(TARGET_NAME)";
				SUPPORTED_PLATFORMS = "iphoneos iphonesimulator";
				SUPPORTS_MACCATALYST = NO;
				SUPPORTS_MAC_DESIGNED_FOR_IPHONE_IPAD = NO;
				SWIFT_EMIT_LOC_STRINGS = YES;
				SWIFT_VERSION = 5.0;
				TARGETED_DEVICE_FAMILY = 1;
			};
			name = Debug;
		};
		CA44AAF929098FA200D86360 /* Release */ = {
			isa = XCBuildConfiguration;
			buildSettings = {
				ASSETCATALOG_COMPILER_APPICON_NAME = AppIcon;
				ASSETCATALOG_COMPILER_GLOBAL_ACCENT_COLOR_NAME = AccentColor;
				CODE_SIGN_STYLE = Automatic;
				CURRENT_PROJECT_VERSION = 1;
				DEVELOPMENT_TEAM = BV8VP6YGE9;
				GENERATE_INFOPLIST_FILE = YES;
				INFOPLIST_FILE = SwimeeHalloweenDebug/Info.plist;
				INFOPLIST_KEY_UIApplicationSupportsIndirectInputEvents = YES;
				INFOPLIST_KEY_UILaunchStoryboardName = LaunchScreen;
				INFOPLIST_KEY_UIMainStoryboardFile = Main;
				INFOPLIST_KEY_UISupportedInterfaceOrientations = UIInterfaceOrientationPortrait;
				INFOPLIST_KEY_UISupportedInterfaceOrientations_iPad = "UIInterfaceOrientationLandscapeLeft UIInterfaceOrientationLandscapeRight UIInterfaceOrientationPortrait UIInterfaceOrientationPortraitUpsideDown";
				LD_RUNPATH_SEARCH_PATHS = (
					"$(inherited)",
					"@executable_path/Frameworks",
				);
				MARKETING_VERSION = 1.0;
				PRODUCT_BUNDLE_IDENTIFIER = jp.choccho.SwimeeHalloweenDebug;
				PRODUCT_NAME = "$(TARGET_NAME)";
				SUPPORTED_PLATFORMS = "iphoneos iphonesimulator";
				SUPPORTS_MACCATALYST = NO;
				SUPPORTS_MAC_DESIGNED_FOR_IPHONE_IPAD = NO;
				SWIFT_EMIT_LOC_STRINGS = YES;
				SWIFT_VERSION = 5.0;
				TARGETED_DEVICE_FAMILY = 1;
			};
			name = Release;
		};
/* End XCBuildConfiguration section */

/* Begin XCConfigurationList section */
		CA44AADE29098FA200D86360 /* Build configuration list for PBXProject "SwimeeHalloweenDebug" */ = {
			isa = XCConfigurationList;
			buildConfigurations = (
				CA44AAF529098FA200D86360 /* Debug */,
				CA44AAF629098FA200D86360 /* Release */,
			);
			defaultConfigurationIsVisible = 0;
			defaultConfigurationName = Release;
		};
		CA44AAF729098FA200D86360 /* Build configuration list for PBXNativeTarget "SwimeeHalloweenDebug" */ = {
			isa = XCConfigurationList;
			buildConfigurations = (
				CA44AAF829098FA200D86360 /* Debug */,
				CA44AAF929098FA200D86360 /* Release */,
			);
			defaultConfigurationIsVisible = 0;
			defaultConfigurationName = Release;
		};
/* End XCConfigurationList section */
	};
	rootObject = CA44AADB29098FA200D86360 /* Project object */;
}
